
Microsoft Visual Studio Solution File, Format Version 12.00
Project("{FAE04EC0-301F-11D3-BF4B-00C04F79EFBC}") = "LocalEmbedding", "LocalEmbedding\LocalEmbedding.csproj", "{52841152-47E3-42E9-8C4D-A24AEABBA2FF}"
EndProject
Global
	GlobalSection(SolutionConfigurationPlatforms) = preSolution
		Debug|Any CPU = Debug|Any CPU
		Release|Any CPU = Release|Any CPU
	EndGlobalSection
	GlobalSection(ProjectConfigurationPlatforms) = postSolution
		{52841152-47E3-42E9-8C4D-A24AEABBA2FF}.Debug|Any CPU.ActiveCfg = Debug|Any CPU
		{52841152-47E3-42E9-8C4D-A24AEABBA2FF}.Debug|Any CPU.Build.0 = Debug|Any CPU
		{52841152-47E3-42E9-8C4D-A24AEABBA2FF}.Release|Any CPU.ActiveCfg = Release|Any CPU
		{52841152-47E3-42E9-8C4D-A24AEABBA2FF}.Release|Any CPU.Build.0 = Release|Any CPU
	EndGlobalSection
EndGlobal
